
Microsoft Visual Studio Solution File, Format Version 12.00
# Visual Studio Version 17
VisualStudioVersion = 17.3.32929.385
MinimumVisualStudioVersion = 10.0.40219.1
Project("{9A19103F-16F7-4668-BE54-9A1E7A4F7556}") = "ProductMicroservice", "ProductMicroservice\ProductMicroservice.csproj", "{D633D09B-A9C7-4C7F-B981-DC66685467A9}"
EndProject
Project("{E53339B2-1760-4266-BCC7-CA923CBCF16C}") = "docker-compose", "docker-compose.dcproj", "{5E08198D-5573-4413-AC73-2FA46443FA45}"
EndProject
Global
	GlobalSection(SolutionConfigurationPlatforms) = preSolution
		Debug|Any CPU = Debug|Any CPU
		Release|Any CPU = Release|Any CPU
	EndGlobalSection
	GlobalSection(ProjectConfigurationPlatforms) = postSolution
		{D633D09B-A9C7-4C7F-B981-DC66685467A9}.Debug|Any CPU.ActiveCfg = Debug|Any CPU
		{D633D09B-A9C7-4C7F-B981-DC66685467A9}.Debug|Any CPU.Build.0 = Debug|Any CPU
		{D633D09B-A9C7-4C7F-B981-DC66685467A9}.Release|Any CPU.ActiveCfg = Release|Any CPU
		{D633D09B-A9C7-4C7F-B981-DC66685467A9}.Release|Any CPU.Build.0 = Release|Any CPU
		{5E08198D-5573-4413-AC73-2FA46443FA45}.Debug|Any CPU.ActiveCfg = Debug|Any CPU
		{5E08198D-5573-4413-AC73-2FA46443FA45}.Debug|Any CPU.Build.0 = Debug|Any CPU
		{5E08198D-5573-4413-AC73-2FA46443FA45}.Release|Any CPU.ActiveCfg = Release|Any CPU
		{5E08198D-5573-4413-AC73-2FA46443FA45}.Release|Any CPU.Build.0 = Release|Any CPU
	EndGlobalSection
	GlobalSection(SolutionProperties) = preSolution
		HideSolutionNode = FALSE
	EndGlobalSection
	GlobalSection(ExtensibilityGlobals) = postSolution
		SolutionGuid = {20A1B52C-78BE-4A54-88CD-CB321FA1156F}
	EndGlobalSection
EndGlobal
